
Microsoft Visual Studio Solution File, Format Version 12.00
# Visual Studio Version 17
VisualStudioVersion = 17.5.33502.453
MinimumVisualStudioVersion = 10.0.40219.1
Project("{FAE04EC0-301F-11D3-BF4B-00C04F79EFBC}") = "WinFormsApp1 proj", "WinFormsApp1 proj\WinFormsApp1 proj.csproj", "{FCE54CF8-E72E-46BF-A2DF-41DB1D188B93}"
EndProject
Global
	GlobalSection(SolutionConfigurationPlatforms) = preSolution
		Debug|Any CPU = Debug|Any CPU
		Release|Any CPU = Release|Any CPU
	EndGlobalSection
	GlobalSection(ProjectConfigurationPlatforms) = postSolution
		{FCE54CF8-E72E-46BF-A2DF-41DB1D188B93}.Debug|Any CPU.ActiveCfg = Debug|Any CPU
		{FCE54CF8-E72E-46BF-A2DF-41DB1D188B93}.Debug|Any CPU.Build.0 = Debug|Any CPU
		{FCE54CF8-E72E-46BF-A2DF-41DB1D188B93}.Release|Any CPU.ActiveCfg = Release|Any CPU
		{FCE54CF8-E72E-46BF-A2DF-41DB1D188B93}.Release|Any CPU.Build.0 = Release|Any CPU
	EndGlobalSection
	GlobalSection(SolutionProperties) = preSolution
		HideSolutionNode = FALSE
	EndGlobalSection
	GlobalSection(ExtensibilityGlobals) = postSolution
		SolutionGuid = {522EFE17-6F17-41A7-916F-46E8E98530B0}
	EndGlobalSection
EndGlobal
