
Microsoft Visual Studio Solution File, Format Version 12.00
# Visual Studio Version 17
VisualStudioVersion = 17.5.33502.453
MinimumVisualStudioVersion = 10.0.40219.1
Project("{FAE04EC0-301F-11D3-BF4B-00C04F79EFBC}") = "Long_int64", "Long_int64\Long_int64.csproj", "{08701A8A-C711-4150-8EAE-17D248931007}"
EndProject
Global
	GlobalSection(SolutionConfigurationPlatforms) = preSolution
		Debug|Any CPU = Debug|Any CPU
		Release|Any CPU = Release|Any CPU
	EndGlobalSection
	GlobalSection(ProjectConfigurationPlatforms) = postSolution
		{08701A8A-C711-4150-8EAE-17D248931007}.Debug|Any CPU.ActiveCfg = Debug|Any CPU
		{08701A8A-C711-4150-8EAE-17D248931007}.Debug|Any CPU.Build.0 = Debug|Any CPU
		{08701A8A-C711-4150-8EAE-17D248931007}.Release|Any CPU.ActiveCfg = Release|Any CPU
		{08701A8A-C711-4150-8EAE-17D248931007}.Release|Any CPU.Build.0 = Release|Any CPU
	EndGlobalSection
	GlobalSection(SolutionProperties) = preSolution
		HideSolutionNode = FALSE
	EndGlobalSection
	GlobalSection(ExtensibilityGlobals) = postSolution
		SolutionGuid = {13131B26-EAD0-4768-88DE-93CDF3DDC1A1}
	EndGlobalSection
EndGlobal
