
Microsoft Visual Studio Solution File, Format Version 12.00
# Visual Studio Version 17
VisualStudioVersion = 17.5.33502.453
MinimumVisualStudioVersion = 10.0.40219.1
Project("{FAE04EC0-301F-11D3-BF4B-00C04F79EFBC}") = "Item_Trasaction_TRUST", "Item_Trasaction_TRUST\Item_Trasaction_TRUST.csproj", "{5D38CDAA-45F8-4B78-8E19-232D84BF79A8}"
EndProject
Global
	GlobalSection(SolutionConfigurationPlatforms) = preSolution
		Debug|Any CPU = Debug|Any CPU
		Release|Any CPU = Release|Any CPU
	EndGlobalSection
	GlobalSection(ProjectConfigurationPlatforms) = postSolution
		{5D38CDAA-45F8-4B78-8E19-232D84BF79A8}.Debug|Any CPU.ActiveCfg = Debug|Any CPU
		{5D38CDAA-45F8-4B78-8E19-232D84BF79A8}.Debug|Any CPU.Build.0 = Debug|Any CPU
		{5D38CDAA-45F8-4B78-8E19-232D84BF79A8}.Release|Any CPU.ActiveCfg = Release|Any CPU
		{5D38CDAA-45F8-4B78-8E19-232D84BF79A8}.Release|Any CPU.Build.0 = Release|Any CPU
	EndGlobalSection
	GlobalSection(SolutionProperties) = preSolution
		HideSolutionNode = FALSE
	EndGlobalSection
	GlobalSection(ExtensibilityGlobals) = postSolution
		SolutionGuid = {C709E02F-B1A4-4D54-A409-5A00C4FF54B4}
	EndGlobalSection
EndGlobal
