
Microsoft Visual Studio Solution File, Format Version 12.00
# Visual Studio Version 17
VisualStudioVersion = 17.5.33502.453
MinimumVisualStudioVersion = 10.0.40219.1
Project("{FAE04EC0-301F-11D3-BF4B-00C04F79EFBC}") = "Array_indexOf_method", "Array_indexOf_method\Array_indexOf_method.csproj", "{1FB6D4AF-807C-4769-9BAB-FB8B2AEDE246}"
EndProject
Global
	GlobalSection(SolutionConfigurationPlatforms) = preSolution
		Debug|Any CPU = Debug|Any CPU
		Release|Any CPU = Release|Any CPU
	EndGlobalSection
	GlobalSection(ProjectConfigurationPlatforms) = postSolution
		{1FB6D4AF-807C-4769-9BAB-FB8B2AEDE246}.Debug|Any CPU.ActiveCfg = Debug|Any CPU
		{1FB6D4AF-807C-4769-9BAB-FB8B2AEDE246}.Debug|Any CPU.Build.0 = Debug|Any CPU
		{1FB6D4AF-807C-4769-9BAB-FB8B2AEDE246}.Release|Any CPU.ActiveCfg = Release|Any CPU
		{1FB6D4AF-807C-4769-9BAB-FB8B2AEDE246}.Release|Any CPU.Build.0 = Release|Any CPU
	EndGlobalSection
	GlobalSection(SolutionProperties) = preSolution
		HideSolutionNode = FALSE
	EndGlobalSection
	GlobalSection(ExtensibilityGlobals) = postSolution
		SolutionGuid = {A2797424-7F64-45FE-A26D-B2E46E33E210}
	EndGlobalSection
EndGlobal
