
Microsoft Visual Studio Solution File, Format Version 12.00
# Visual Studio Version 17
VisualStudioVersion = 17.5.33502.453
MinimumVisualStudioVersion = 10.0.40219.1
Project("{FAE04EC0-301F-11D3-BF4B-00C04F79EFBC}") = "Get_connection_DLL_forms", "Get_connection_DLL_forms\Get_connection_DLL_forms.csproj", "{6CC233FF-8DF2-4DE6-8B13-F315654770EF}"
EndProject
Global
	GlobalSection(SolutionConfigurationPlatforms) = preSolution
		Debug|Any CPU = Debug|Any CPU
		Release|Any CPU = Release|Any CPU
	EndGlobalSection
	GlobalSection(ProjectConfigurationPlatforms) = postSolution
		{6CC233FF-8DF2-4DE6-8B13-F315654770EF}.Debug|Any CPU.ActiveCfg = Debug|Any CPU
		{6CC233FF-8DF2-4DE6-8B13-F315654770EF}.Debug|Any CPU.Build.0 = Debug|Any CPU
		{6CC233FF-8DF2-4DE6-8B13-F315654770EF}.Release|Any CPU.ActiveCfg = Release|Any CPU
		{6CC233FF-8DF2-4DE6-8B13-F315654770EF}.Release|Any CPU.Build.0 = Release|Any CPU
	EndGlobalSection
	GlobalSection(SolutionProperties) = preSolution
		HideSolutionNode = FALSE
	EndGlobalSection
	GlobalSection(ExtensibilityGlobals) = postSolution
		SolutionGuid = {54D3812E-4EB6-4357-BA6B-E785F006E94C}
	EndGlobalSection
EndGlobal
