
Microsoft Visual Studio Solution File, Format Version 12.00
# Visual Studio Version 17
VisualStudioVersion = 17.5.33502.453
MinimumVisualStudioVersion = 10.0.40219.1
Project("{FAE04EC0-301F-11D3-BF4B-00C04F79EFBC}") = "return_palindrom_string", "return_palindrom_string\return_palindrom_string.csproj", "{088271A2-78BE-4B2C-A641-1DF908E43FE3}"
EndProject
Global
	GlobalSection(SolutionConfigurationPlatforms) = preSolution
		Debug|Any CPU = Debug|Any CPU
		Release|Any CPU = Release|Any CPU
	EndGlobalSection
	GlobalSection(ProjectConfigurationPlatforms) = postSolution
		{088271A2-78BE-4B2C-A641-1DF908E43FE3}.Debug|Any CPU.ActiveCfg = Debug|Any CPU
		{088271A2-78BE-4B2C-A641-1DF908E43FE3}.Debug|Any CPU.Build.0 = Debug|Any CPU
		{088271A2-78BE-4B2C-A641-1DF908E43FE3}.Release|Any CPU.ActiveCfg = Release|Any CPU
		{088271A2-78BE-4B2C-A641-1DF908E43FE3}.Release|Any CPU.Build.0 = Release|Any CPU
	EndGlobalSection
	GlobalSection(SolutionProperties) = preSolution
		HideSolutionNode = FALSE
	EndGlobalSection
	GlobalSection(ExtensibilityGlobals) = postSolution
		SolutionGuid = {BC9621B4-02F3-4AFE-8ED9-FA92FA56CBE7}
	EndGlobalSection
EndGlobal
