
Microsoft Visual Studio Solution File, Format Version 12.00
# Visual Studio Version 17
VisualStudioVersion = 17.5.33502.453
MinimumVisualStudioVersion = 10.0.40219.1
Project("{FAE04EC0-301F-11D3-BF4B-00C04F79EFBC}") = "Deposit_withdrawal_amount", "Deposit_withdrawal_amount\Deposit_withdrawal_amount.csproj", "{86B94C51-2413-4728-BF73-C060F20259E3}"
EndProject
Global
	GlobalSection(SolutionConfigurationPlatforms) = preSolution
		Debug|Any CPU = Debug|Any CPU
		Release|Any CPU = Release|Any CPU
	EndGlobalSection
	GlobalSection(ProjectConfigurationPlatforms) = postSolution
		{86B94C51-2413-4728-BF73-C060F20259E3}.Debug|Any CPU.ActiveCfg = Debug|Any CPU
		{86B94C51-2413-4728-BF73-C060F20259E3}.Debug|Any CPU.Build.0 = Debug|Any CPU
		{86B94C51-2413-4728-BF73-C060F20259E3}.Release|Any CPU.ActiveCfg = Release|Any CPU
		{86B94C51-2413-4728-BF73-C060F20259E3}.Release|Any CPU.Build.0 = Release|Any CPU
	EndGlobalSection
	GlobalSection(SolutionProperties) = preSolution
		HideSolutionNode = FALSE
	EndGlobalSection
	GlobalSection(ExtensibilityGlobals) = postSolution
		SolutionGuid = {1571CF2F-865E-45E1-BDCE-748061FF3C4F}
	EndGlobalSection
EndGlobal
