
Microsoft Visual Studio Solution File, Format Version 12.00
# Visual Studio Version 17
VisualStudioVersion = 17.5.33502.453
MinimumVisualStudioVersion = 10.0.40219.1
Project("{FAE04EC0-301F-11D3-BF4B-00C04F79EFBC}") = "class employee having field and method", "class employee having field and method\class employee having field and method.csproj", "{0327BD0C-9955-45BD-954A-F62D001EA4BC}"
EndProject
Global
	GlobalSection(SolutionConfigurationPlatforms) = preSolution
		Debug|Any CPU = Debug|Any CPU
		Release|Any CPU = Release|Any CPU
	EndGlobalSection
	GlobalSection(ProjectConfigurationPlatforms) = postSolution
		{0327BD0C-9955-45BD-954A-F62D001EA4BC}.Debug|Any CPU.ActiveCfg = Debug|Any CPU
		{0327BD0C-9955-45BD-954A-F62D001EA4BC}.Debug|Any CPU.Build.0 = Debug|Any CPU
		{0327BD0C-9955-45BD-954A-F62D001EA4BC}.Release|Any CPU.ActiveCfg = Release|Any CPU
		{0327BD0C-9955-45BD-954A-F62D001EA4BC}.Release|Any CPU.Build.0 = Release|Any CPU
	EndGlobalSection
	GlobalSection(SolutionProperties) = preSolution
		HideSolutionNode = FALSE
	EndGlobalSection
	GlobalSection(ExtensibilityGlobals) = postSolution
		SolutionGuid = {D61A296D-0B43-4413-8FF7-F36813AFBDAE}
	EndGlobalSection
EndGlobal
