
Microsoft Visual Studio Solution File, Format Version 12.00
# Visual Studio Version 17
VisualStudioVersion = 17.5.33502.453
MinimumVisualStudioVersion = 10.0.40219.1
Project("{FAE04EC0-301F-11D3-BF4B-00C04F79EFBC}") = "Loop_Statement_Foreach", "Loop_Statement_Foreach\Loop_Statement_Foreach.csproj", "{575BBA93-B333-41D9-8804-7344007598E0}"
EndProject
Global
	GlobalSection(SolutionConfigurationPlatforms) = preSolution
		Debug|Any CPU = Debug|Any CPU
		Release|Any CPU = Release|Any CPU
	EndGlobalSection
	GlobalSection(ProjectConfigurationPlatforms) = postSolution
		{575BBA93-B333-41D9-8804-7344007598E0}.Debug|Any CPU.ActiveCfg = Debug|Any CPU
		{575BBA93-B333-41D9-8804-7344007598E0}.Debug|Any CPU.Build.0 = Debug|Any CPU
		{575BBA93-B333-41D9-8804-7344007598E0}.Release|Any CPU.ActiveCfg = Release|Any CPU
		{575BBA93-B333-41D9-8804-7344007598E0}.Release|Any CPU.Build.0 = Release|Any CPU
	EndGlobalSection
	GlobalSection(SolutionProperties) = preSolution
		HideSolutionNode = FALSE
	EndGlobalSection
	GlobalSection(ExtensibilityGlobals) = postSolution
		SolutionGuid = {FA8069D5-89DD-4304-8520-14A19E003F76}
	EndGlobalSection
EndGlobal
