
Microsoft Visual Studio Solution File, Format Version 12.00
# Visual Studio Version 17
VisualStudioVersion = 17.5.33502.453
MinimumVisualStudioVersion = 10.0.40219.1
Project("{FAE04EC0-301F-11D3-BF4B-00C04F79EFBC}") = "Method_3_parameter", "Method_3_parameter\Method_3_parameter.csproj", "{57B92006-F085-4A3A-8D1C-EF2EEFB3B8C3}"
EndProject
Global
	GlobalSection(SolutionConfigurationPlatforms) = preSolution
		Debug|Any CPU = Debug|Any CPU
		Release|Any CPU = Release|Any CPU
	EndGlobalSection
	GlobalSection(ProjectConfigurationPlatforms) = postSolution
		{57B92006-F085-4A3A-8D1C-EF2EEFB3B8C3}.Debug|Any CPU.ActiveCfg = Debug|Any CPU
		{57B92006-F085-4A3A-8D1C-EF2EEFB3B8C3}.Debug|Any CPU.Build.0 = Debug|Any CPU
		{57B92006-F085-4A3A-8D1C-EF2EEFB3B8C3}.Release|Any CPU.ActiveCfg = Release|Any CPU
		{57B92006-F085-4A3A-8D1C-EF2EEFB3B8C3}.Release|Any CPU.Build.0 = Release|Any CPU
	EndGlobalSection
	GlobalSection(SolutionProperties) = preSolution
		HideSolutionNode = FALSE
	EndGlobalSection
	GlobalSection(ExtensibilityGlobals) = postSolution
		SolutionGuid = {857CC6C5-D6FD-4D24-B92D-B23C791F1A6F}
	EndGlobalSection
EndGlobal
