
Microsoft Visual Studio Solution File, Format Version 12.00
# Visual Studio Version 17
VisualStudioVersion = 17.5.33502.453
MinimumVisualStudioVersion = 10.0.40219.1
Project("{FAE04EC0-301F-11D3-BF4B-00C04F79EFBC}") = "Tourist_master", "Tourist_master\Tourist_master.csproj", "{853E1066-F2B1-4470-AAF6-4F9647827349}"
EndProject
Global
	GlobalSection(SolutionConfigurationPlatforms) = preSolution
		Debug|Any CPU = Debug|Any CPU
		Release|Any CPU = Release|Any CPU
	EndGlobalSection
	GlobalSection(ProjectConfigurationPlatforms) = postSolution
		{853E1066-F2B1-4470-AAF6-4F9647827349}.Debug|Any CPU.ActiveCfg = Debug|Any CPU
		{853E1066-F2B1-4470-AAF6-4F9647827349}.Debug|Any CPU.Build.0 = Debug|Any CPU
		{853E1066-F2B1-4470-AAF6-4F9647827349}.Release|Any CPU.ActiveCfg = Release|Any CPU
		{853E1066-F2B1-4470-AAF6-4F9647827349}.Release|Any CPU.Build.0 = Release|Any CPU
	EndGlobalSection
	GlobalSection(SolutionProperties) = preSolution
		HideSolutionNode = FALSE
	EndGlobalSection
	GlobalSection(ExtensibilityGlobals) = postSolution
		SolutionGuid = {97CFF9FB-3322-46ED-B8AC-841ABCA3730B}
	EndGlobalSection
EndGlobal
