
Microsoft Visual Studio Solution File, Format Version 12.00
# Visual Studio Version 17
VisualStudioVersion = 17.5.33502.453
MinimumVisualStudioVersion = 10.0.40219.1
Project("{FAE04EC0-301F-11D3-BF4B-00C04F79EFBC}") = "Validation_Summary", "Validation_Summary\Validation_Summary.csproj", "{9313B270-810C-481B-8776-96F8C0C6EC00}"
EndProject
Global
	GlobalSection(SolutionConfigurationPlatforms) = preSolution
		Debug|Any CPU = Debug|Any CPU
		Release|Any CPU = Release|Any CPU
	EndGlobalSection
	GlobalSection(ProjectConfigurationPlatforms) = postSolution
		{9313B270-810C-481B-8776-96F8C0C6EC00}.Debug|Any CPU.ActiveCfg = Debug|Any CPU
		{9313B270-810C-481B-8776-96F8C0C6EC00}.Debug|Any CPU.Build.0 = Debug|Any CPU
		{9313B270-810C-481B-8776-96F8C0C6EC00}.Release|Any CPU.ActiveCfg = Release|Any CPU
		{9313B270-810C-481B-8776-96F8C0C6EC00}.Release|Any CPU.Build.0 = Release|Any CPU
	EndGlobalSection
	GlobalSection(SolutionProperties) = preSolution
		HideSolutionNode = FALSE
	EndGlobalSection
	GlobalSection(ExtensibilityGlobals) = postSolution
		SolutionGuid = {70603B86-396C-4486-B8C4-79865A6178D9}
	EndGlobalSection
EndGlobal
