
Microsoft Visual Studio Solution File, Format Version 12.00
# Visual Studio Version 17
VisualStudioVersion = 17.5.33502.453
MinimumVisualStudioVersion = 10.0.40219.1
Project("{FAE04EC0-301F-11D3-BF4B-00C04F79EFBC}") = "Array_3_subject_Marks", "Array_3_subject_Marks\Array_3_subject_Marks.csproj", "{B624B748-7ACF-4373-95BD-F737A35FF675}"
EndProject
Global
	GlobalSection(SolutionConfigurationPlatforms) = preSolution
		Debug|Any CPU = Debug|Any CPU
		Release|Any CPU = Release|Any CPU
	EndGlobalSection
	GlobalSection(ProjectConfigurationPlatforms) = postSolution
		{B624B748-7ACF-4373-95BD-F737A35FF675}.Debug|Any CPU.ActiveCfg = Debug|Any CPU
		{B624B748-7ACF-4373-95BD-F737A35FF675}.Debug|Any CPU.Build.0 = Debug|Any CPU
		{B624B748-7ACF-4373-95BD-F737A35FF675}.Release|Any CPU.ActiveCfg = Release|Any CPU
		{B624B748-7ACF-4373-95BD-F737A35FF675}.Release|Any CPU.Build.0 = Release|Any CPU
	EndGlobalSection
	GlobalSection(SolutionProperties) = preSolution
		HideSolutionNode = FALSE
	EndGlobalSection
	GlobalSection(ExtensibilityGlobals) = postSolution
		SolutionGuid = {BBAC6F63-E422-4E43-BAEE-ED146D977C0F}
	EndGlobalSection
EndGlobal
