
Microsoft Visual Studio Solution File, Format Version 12.00
# Visual Studio Version 17
VisualStudioVersion = 17.5.33502.453
MinimumVisualStudioVersion = 10.0.40219.1
Project("{FAE04EC0-301F-11D3-BF4B-00C04F79EFBC}") = "Goto_Sttatement_Program", "Goto_Sttatement_Program\Goto_Sttatement_Program.csproj", "{84BF8B66-E79C-4842-B277-D6ED3F0802CD}"
EndProject
Global
	GlobalSection(SolutionConfigurationPlatforms) = preSolution
		Debug|Any CPU = Debug|Any CPU
		Release|Any CPU = Release|Any CPU
	EndGlobalSection
	GlobalSection(ProjectConfigurationPlatforms) = postSolution
		{84BF8B66-E79C-4842-B277-D6ED3F0802CD}.Debug|Any CPU.ActiveCfg = Debug|Any CPU
		{84BF8B66-E79C-4842-B277-D6ED3F0802CD}.Debug|Any CPU.Build.0 = Debug|Any CPU
		{84BF8B66-E79C-4842-B277-D6ED3F0802CD}.Release|Any CPU.ActiveCfg = Release|Any CPU
		{84BF8B66-E79C-4842-B277-D6ED3F0802CD}.Release|Any CPU.Build.0 = Release|Any CPU
	EndGlobalSection
	GlobalSection(SolutionProperties) = preSolution
		HideSolutionNode = FALSE
	EndGlobalSection
	GlobalSection(ExtensibilityGlobals) = postSolution
		SolutionGuid = {919B61E3-2C54-4760-A3C0-41EB379A9C60}
	EndGlobalSection
EndGlobal
