
Microsoft Visual Studio Solution File, Format Version 12.00
# Visual Studio Version 17
VisualStudioVersion = 17.5.33502.453
MinimumVisualStudioVersion = 10.0.40219.1
Project("{FAE04EC0-301F-11D3-BF4B-00C04F79EFBC}") = "Book_Entity_framework", "Book_Entity_framework\Book_Entity_framework.csproj", "{290FE7D8-97F4-441C-8B56-317FB20EB47B}"
EndProject
Global
	GlobalSection(SolutionConfigurationPlatforms) = preSolution
		Debug|Any CPU = Debug|Any CPU
		Release|Any CPU = Release|Any CPU
	EndGlobalSection
	GlobalSection(ProjectConfigurationPlatforms) = postSolution
		{290FE7D8-97F4-441C-8B56-317FB20EB47B}.Debug|Any CPU.ActiveCfg = Debug|Any CPU
		{290FE7D8-97F4-441C-8B56-317FB20EB47B}.Debug|Any CPU.Build.0 = Debug|Any CPU
		{290FE7D8-97F4-441C-8B56-317FB20EB47B}.Release|Any CPU.ActiveCfg = Release|Any CPU
		{290FE7D8-97F4-441C-8B56-317FB20EB47B}.Release|Any CPU.Build.0 = Release|Any CPU
	EndGlobalSection
	GlobalSection(SolutionProperties) = preSolution
		HideSolutionNode = FALSE
	EndGlobalSection
	GlobalSection(ExtensibilityGlobals) = postSolution
		SolutionGuid = {53A02659-10C5-4B3F-A68B-82F3630E3A3C}
	EndGlobalSection
EndGlobal
