
Microsoft Visual Studio Solution File, Format Version 12.00
# Visual Studio Version 17
VisualStudioVersion = 17.5.33502.453
MinimumVisualStudioVersion = 10.0.40219.1
Project("{FAE04EC0-301F-11D3-BF4B-00C04F79EFBC}") = "WebApplication1_MVC", "WebApplication1_MVC\WebApplication1_MVC.csproj", "{8A5485A0-BC7F-4650-B724-31A5185F4EA7}"
EndProject
Global
	GlobalSection(SolutionConfigurationPlatforms) = preSolution
		Debug|Any CPU = Debug|Any CPU
		Release|Any CPU = Release|Any CPU
	EndGlobalSection
	GlobalSection(ProjectConfigurationPlatforms) = postSolution
		{8A5485A0-BC7F-4650-B724-31A5185F4EA7}.Debug|Any CPU.ActiveCfg = Debug|Any CPU
		{8A5485A0-BC7F-4650-B724-31A5185F4EA7}.Debug|Any CPU.Build.0 = Debug|Any CPU
		{8A5485A0-BC7F-4650-B724-31A5185F4EA7}.Release|Any CPU.ActiveCfg = Release|Any CPU
		{8A5485A0-BC7F-4650-B724-31A5185F4EA7}.Release|Any CPU.Build.0 = Release|Any CPU
	EndGlobalSection
	GlobalSection(SolutionProperties) = preSolution
		HideSolutionNode = FALSE
	EndGlobalSection
	GlobalSection(ExtensibilityGlobals) = postSolution
		SolutionGuid = {C2E3FB49-CC2D-4539-BB63-7FD9FB13536B}
	EndGlobalSection
EndGlobal
