
Microsoft Visual Studio Solution File, Format Version 12.00
# Visual Studio Version 17
VisualStudioVersion = 17.5.33502.453
MinimumVisualStudioVersion = 10.0.40219.1
Project("{FAE04EC0-301F-11D3-BF4B-00C04F79EFBC}") = "Exect_Information", "Exect_Information\Exect_Information.csproj", "{FE4F33DF-B214-4E40-9F20-DE8DAED61D62}"
EndProject
Global
	GlobalSection(SolutionConfigurationPlatforms) = preSolution
		Debug|Any CPU = Debug|Any CPU
		Release|Any CPU = Release|Any CPU
	EndGlobalSection
	GlobalSection(ProjectConfigurationPlatforms) = postSolution
		{FE4F33DF-B214-4E40-9F20-DE8DAED61D62}.Debug|Any CPU.ActiveCfg = Debug|Any CPU
		{FE4F33DF-B214-4E40-9F20-DE8DAED61D62}.Debug|Any CPU.Build.0 = Debug|Any CPU
		{FE4F33DF-B214-4E40-9F20-DE8DAED61D62}.Release|Any CPU.ActiveCfg = Release|Any CPU
		{FE4F33DF-B214-4E40-9F20-DE8DAED61D62}.Release|Any CPU.Build.0 = Release|Any CPU
	EndGlobalSection
	GlobalSection(SolutionProperties) = preSolution
		HideSolutionNode = FALSE
	EndGlobalSection
	GlobalSection(ExtensibilityGlobals) = postSolution
		SolutionGuid = {F9B89599-DEF2-4FDA-BF5B-2F8B8881AF03}
	EndGlobalSection
EndGlobal
