
Microsoft Visual Studio Solution File, Format Version 12.00
# Visual Studio Version 17
VisualStudioVersion = 17.5.33502.453
MinimumVisualStudioVersion = 10.0.40219.1
Project("{FAE04EC0-301F-11D3-BF4B-00C04F79EFBC}") = "Contol_list_toolbar_boxes", "Contol_list_toolbar_boxes\Contol_list_toolbar_boxes.csproj", "{8AED0B38-17B2-4211-A755-50E41C69B211}"
EndProject
Global
	GlobalSection(SolutionConfigurationPlatforms) = preSolution
		Debug|Any CPU = Debug|Any CPU
		Release|Any CPU = Release|Any CPU
	EndGlobalSection
	GlobalSection(ProjectConfigurationPlatforms) = postSolution
		{8AED0B38-17B2-4211-A755-50E41C69B211}.Debug|Any CPU.ActiveCfg = Debug|Any CPU
		{8AED0B38-17B2-4211-A755-50E41C69B211}.Debug|Any CPU.Build.0 = Debug|Any CPU
		{8AED0B38-17B2-4211-A755-50E41C69B211}.Release|Any CPU.ActiveCfg = Release|Any CPU
		{8AED0B38-17B2-4211-A755-50E41C69B211}.Release|Any CPU.Build.0 = Release|Any CPU
	EndGlobalSection
	GlobalSection(SolutionProperties) = preSolution
		HideSolutionNode = FALSE
	EndGlobalSection
	GlobalSection(ExtensibilityGlobals) = postSolution
		SolutionGuid = {4CAB4ABB-F2F0-4F8D-AFAB-B73BC19B2145}
	EndGlobalSection
EndGlobal
