
Microsoft Visual Studio Solution File, Format Version 12.00
# Visual Studio Version 17
VisualStudioVersion = 17.5.33502.453
MinimumVisualStudioVersion = 10.0.40219.1
Project("{FAE04EC0-301F-11D3-BF4B-00C04F79EFBC}") = "Productitem_dropdown_mvc", "Productitem_dropdown_mvc\Productitem_dropdown_mvc.csproj", "{B2CB7EC9-11C2-4DB1-ADE4-95D059F106F4}"
EndProject
Global
	GlobalSection(SolutionConfigurationPlatforms) = preSolution
		Debug|Any CPU = Debug|Any CPU
		Release|Any CPU = Release|Any CPU
	EndGlobalSection
	GlobalSection(ProjectConfigurationPlatforms) = postSolution
		{B2CB7EC9-11C2-4DB1-ADE4-95D059F106F4}.Debug|Any CPU.ActiveCfg = Debug|Any CPU
		{B2CB7EC9-11C2-4DB1-ADE4-95D059F106F4}.Debug|Any CPU.Build.0 = Debug|Any CPU
		{B2CB7EC9-11C2-4DB1-ADE4-95D059F106F4}.Release|Any CPU.ActiveCfg = Release|Any CPU
		{B2CB7EC9-11C2-4DB1-ADE4-95D059F106F4}.Release|Any CPU.Build.0 = Release|Any CPU
	EndGlobalSection
	GlobalSection(SolutionProperties) = preSolution
		HideSolutionNode = FALSE
	EndGlobalSection
	GlobalSection(ExtensibilityGlobals) = postSolution
		SolutionGuid = {2295BBF4-A533-4D76-A4E1-2A746D6C8D5B}
	EndGlobalSection
EndGlobal
