
Microsoft Visual Studio Solution File, Format Version 12.00
# Visual Studio Version 17
VisualStudioVersion = 17.5.33502.453
MinimumVisualStudioVersion = 10.0.40219.1
Project("{FAE04EC0-301F-11D3-BF4B-00C04F79EFBC}") = "Greater_smaller_number", "Greater_smaller_number\Greater_smaller_number.csproj", "{2445125F-EC50-40D3-B8F7-2D7AF0F4118C}"
EndProject
Global
	GlobalSection(SolutionConfigurationPlatforms) = preSolution
		Debug|Any CPU = Debug|Any CPU
		Release|Any CPU = Release|Any CPU
	EndGlobalSection
	GlobalSection(ProjectConfigurationPlatforms) = postSolution
		{2445125F-EC50-40D3-B8F7-2D7AF0F4118C}.Debug|Any CPU.ActiveCfg = Debug|Any CPU
		{2445125F-EC50-40D3-B8F7-2D7AF0F4118C}.Debug|Any CPU.Build.0 = Debug|Any CPU
		{2445125F-EC50-40D3-B8F7-2D7AF0F4118C}.Release|Any CPU.ActiveCfg = Release|Any CPU
		{2445125F-EC50-40D3-B8F7-2D7AF0F4118C}.Release|Any CPU.Build.0 = Release|Any CPU
	EndGlobalSection
	GlobalSection(SolutionProperties) = preSolution
		HideSolutionNode = FALSE
	EndGlobalSection
	GlobalSection(ExtensibilityGlobals) = postSolution
		SolutionGuid = {920A4DFE-1F27-4B73-867D-DB10F92D9F5D}
	EndGlobalSection
EndGlobal
