
Microsoft Visual Studio Solution File, Format Version 12.00
# Visual Studio Version 17
VisualStudioVersion = 17.5.33502.453
MinimumVisualStudioVersion = 10.0.40219.1
Project("{FAE04EC0-301F-11D3-BF4B-00C04F79EFBC}") = "API_Webapplication_creation", "API_Webapplication_creation\API_Webapplication_creation.csproj", "{09A43092-2F34-4CCA-96AA-F048E109F49D}"
EndProject
Global
	GlobalSection(SolutionConfigurationPlatforms) = preSolution
		Debug|Any CPU = Debug|Any CPU
		Release|Any CPU = Release|Any CPU
	EndGlobalSection
	GlobalSection(ProjectConfigurationPlatforms) = postSolution
		{09A43092-2F34-4CCA-96AA-F048E109F49D}.Debug|Any CPU.ActiveCfg = Debug|Any CPU
		{09A43092-2F34-4CCA-96AA-F048E109F49D}.Debug|Any CPU.Build.0 = Debug|Any CPU
		{09A43092-2F34-4CCA-96AA-F048E109F49D}.Release|Any CPU.ActiveCfg = Release|Any CPU
		{09A43092-2F34-4CCA-96AA-F048E109F49D}.Release|Any CPU.Build.0 = Release|Any CPU
	EndGlobalSection
	GlobalSection(SolutionProperties) = preSolution
		HideSolutionNode = FALSE
	EndGlobalSection
	GlobalSection(ExtensibilityGlobals) = postSolution
		SolutionGuid = {FB07B672-1D87-4D51-BF5E-3FA29C1428E8}
	EndGlobalSection
EndGlobal
