
Microsoft Visual Studio Solution File, Format Version 12.00
# Visual Studio Version 17
VisualStudioVersion = 17.5.33502.453
MinimumVisualStudioVersion = 10.0.40219.1
Project("{FAE04EC0-301F-11D3-BF4B-00C04F79EFBC}") = "Bank_Library", "Bank_Library\Bank_Library.csproj", "{5ED51FDE-C008-484D-98EC-7DA843A0AD6B}"
EndProject
Global
	GlobalSection(SolutionConfigurationPlatforms) = preSolution
		Debug|Any CPU = Debug|Any CPU
		Release|Any CPU = Release|Any CPU
	EndGlobalSection
	GlobalSection(ProjectConfigurationPlatforms) = postSolution
		{5ED51FDE-C008-484D-98EC-7DA843A0AD6B}.Debug|Any CPU.ActiveCfg = Debug|Any CPU
		{5ED51FDE-C008-484D-98EC-7DA843A0AD6B}.Debug|Any CPU.Build.0 = Debug|Any CPU
		{5ED51FDE-C008-484D-98EC-7DA843A0AD6B}.Release|Any CPU.ActiveCfg = Release|Any CPU
		{5ED51FDE-C008-484D-98EC-7DA843A0AD6B}.Release|Any CPU.Build.0 = Release|Any CPU
	EndGlobalSection
	GlobalSection(SolutionProperties) = preSolution
		HideSolutionNode = FALSE
	EndGlobalSection
	GlobalSection(ExtensibilityGlobals) = postSolution
		SolutionGuid = {06694083-2303-440E-BDCE-3DBA5A4E58EE}
	EndGlobalSection
EndGlobal
