
Microsoft Visual Studio Solution File, Format Version 12.00
# Visual Studio Version 17
VisualStudioVersion = 17.5.33502.453
MinimumVisualStudioVersion = 10.0.40219.1
Project("{FAE04EC0-301F-11D3-BF4B-00C04F79EFBC}") = "Registration_Form", "Registration_Form\Registration_Form.csproj", "{4E72359A-828D-4AB2-A6F6-71AE08AB946E}"
EndProject
Global
	GlobalSection(SolutionConfigurationPlatforms) = preSolution
		Debug|Any CPU = Debug|Any CPU
		Release|Any CPU = Release|Any CPU
	EndGlobalSection
	GlobalSection(ProjectConfigurationPlatforms) = postSolution
		{4E72359A-828D-4AB2-A6F6-71AE08AB946E}.Debug|Any CPU.ActiveCfg = Debug|Any CPU
		{4E72359A-828D-4AB2-A6F6-71AE08AB946E}.Debug|Any CPU.Build.0 = Debug|Any CPU
		{4E72359A-828D-4AB2-A6F6-71AE08AB946E}.Release|Any CPU.ActiveCfg = Release|Any CPU
		{4E72359A-828D-4AB2-A6F6-71AE08AB946E}.Release|Any CPU.Build.0 = Release|Any CPU
	EndGlobalSection
	GlobalSection(SolutionProperties) = preSolution
		HideSolutionNode = FALSE
	EndGlobalSection
	GlobalSection(ExtensibilityGlobals) = postSolution
		SolutionGuid = {5075A839-EDFD-4742-B3B0-30FE97E5BFB9}
	EndGlobalSection
EndGlobal
