
Microsoft Visual Studio Solution File, Format Version 12.00
# Visual Studio Version 17
VisualStudioVersion = 17.5.33502.453
MinimumVisualStudioVersion = 10.0.40219.1
Project("{FAE04EC0-301F-11D3-BF4B-00C04F79EFBC}") = "Assignmen_Validation", "Assignmen_Validation\Assignmen_Validation.csproj", "{C3973C37-624D-4A5C-B085-BEAFA7BC1DF8}"
EndProject
Global
	GlobalSection(SolutionConfigurationPlatforms) = preSolution
		Debug|Any CPU = Debug|Any CPU
		Release|Any CPU = Release|Any CPU
	EndGlobalSection
	GlobalSection(ProjectConfigurationPlatforms) = postSolution
		{C3973C37-624D-4A5C-B085-BEAFA7BC1DF8}.Debug|Any CPU.ActiveCfg = Debug|Any CPU
		{C3973C37-624D-4A5C-B085-BEAFA7BC1DF8}.Debug|Any CPU.Build.0 = Debug|Any CPU
		{C3973C37-624D-4A5C-B085-BEAFA7BC1DF8}.Release|Any CPU.ActiveCfg = Release|Any CPU
		{C3973C37-624D-4A5C-B085-BEAFA7BC1DF8}.Release|Any CPU.Build.0 = Release|Any CPU
	EndGlobalSection
	GlobalSection(SolutionProperties) = preSolution
		HideSolutionNode = FALSE
	EndGlobalSection
	GlobalSection(ExtensibilityGlobals) = postSolution
		SolutionGuid = {7F77BCBF-C4E0-4298-A4EF-6C97BB1BA6D6}
	EndGlobalSection
EndGlobal
