
Microsoft Visual Studio Solution File, Format Version 12.00
# Visual Studio Version 17
VisualStudioVersion = 17.5.33502.453
MinimumVisualStudioVersion = 10.0.40219.1
Project("{FAE04EC0-301F-11D3-BF4B-00C04F79EFBC}") = "Enter_SByte", "Enter_SByte\Enter_SByte.csproj", "{586E73A0-FA3F-4053-B3F2-01B638A1E705}"
EndProject
Global
	GlobalSection(SolutionConfigurationPlatforms) = preSolution
		Debug|Any CPU = Debug|Any CPU
		Release|Any CPU = Release|Any CPU
	EndGlobalSection
	GlobalSection(ProjectConfigurationPlatforms) = postSolution
		{586E73A0-FA3F-4053-B3F2-01B638A1E705}.Debug|Any CPU.ActiveCfg = Debug|Any CPU
		{586E73A0-FA3F-4053-B3F2-01B638A1E705}.Debug|Any CPU.Build.0 = Debug|Any CPU
		{586E73A0-FA3F-4053-B3F2-01B638A1E705}.Release|Any CPU.ActiveCfg = Release|Any CPU
		{586E73A0-FA3F-4053-B3F2-01B638A1E705}.Release|Any CPU.Build.0 = Release|Any CPU
	EndGlobalSection
	GlobalSection(SolutionProperties) = preSolution
		HideSolutionNode = FALSE
	EndGlobalSection
	GlobalSection(ExtensibilityGlobals) = postSolution
		SolutionGuid = {0D9A7D96-507B-44C8-B09B-6F5709F3CC78}
	EndGlobalSection
EndGlobal
