
Microsoft Visual Studio Solution File, Format Version 12.00
# Visual Studio Version 17
VisualStudioVersion = 17.5.33502.453
MinimumVisualStudioVersion = 10.0.40219.1
Project("{FAE04EC0-301F-11D3-BF4B-00C04F79EFBC}") = "Dropdown_MVC", "Dropdown_MVC\Dropdown_MVC.csproj", "{975D38B9-E3AE-47EB-9FDB-214A604B741D}"
EndProject
Global
	GlobalSection(SolutionConfigurationPlatforms) = preSolution
		Debug|Any CPU = Debug|Any CPU
		Release|Any CPU = Release|Any CPU
	EndGlobalSection
	GlobalSection(ProjectConfigurationPlatforms) = postSolution
		{975D38B9-E3AE-47EB-9FDB-214A604B741D}.Debug|Any CPU.ActiveCfg = Debug|Any CPU
		{975D38B9-E3AE-47EB-9FDB-214A604B741D}.Debug|Any CPU.Build.0 = Debug|Any CPU
		{975D38B9-E3AE-47EB-9FDB-214A604B741D}.Release|Any CPU.ActiveCfg = Release|Any CPU
		{975D38B9-E3AE-47EB-9FDB-214A604B741D}.Release|Any CPU.Build.0 = Release|Any CPU
	EndGlobalSection
	GlobalSection(SolutionProperties) = preSolution
		HideSolutionNode = FALSE
	EndGlobalSection
	GlobalSection(ExtensibilityGlobals) = postSolution
		SolutionGuid = {A1399FA6-06E4-4755-8521-3270F2D99D38}
	EndGlobalSection
EndGlobal
