
Microsoft Visual Studio Solution File, Format Version 12.00
# Visual Studio Version 17
VisualStudioVersion = 17.5.33502.453
MinimumVisualStudioVersion = 10.0.40219.1
Project("{FAE04EC0-301F-11D3-BF4B-00C04F79EFBC}") = "Long_Value", "Long_Value\Long_Value.csproj", "{DA5CDD2D-EE51-4CA6-822A-4633C50CB2C0}"
EndProject
Global
	GlobalSection(SolutionConfigurationPlatforms) = preSolution
		Debug|Any CPU = Debug|Any CPU
		Release|Any CPU = Release|Any CPU
	EndGlobalSection
	GlobalSection(ProjectConfigurationPlatforms) = postSolution
		{DA5CDD2D-EE51-4CA6-822A-4633C50CB2C0}.Debug|Any CPU.ActiveCfg = Debug|Any CPU
		{DA5CDD2D-EE51-4CA6-822A-4633C50CB2C0}.Debug|Any CPU.Build.0 = Debug|Any CPU
		{DA5CDD2D-EE51-4CA6-822A-4633C50CB2C0}.Release|Any CPU.ActiveCfg = Release|Any CPU
		{DA5CDD2D-EE51-4CA6-822A-4633C50CB2C0}.Release|Any CPU.Build.0 = Release|Any CPU
	EndGlobalSection
	GlobalSection(SolutionProperties) = preSolution
		HideSolutionNode = FALSE
	EndGlobalSection
	GlobalSection(ExtensibilityGlobals) = postSolution
		SolutionGuid = {52453026-5651-459D-8637-F1DDBC8390B8}
	EndGlobalSection
EndGlobal
