
Microsoft Visual Studio Solution File, Format Version 12.00
# Visual Studio Version 17
VisualStudioVersion = 17.5.33502.453
MinimumVisualStudioVersion = 10.0.40219.1
Project("{FAE04EC0-301F-11D3-BF4B-00C04F79EFBC}") = "Method_with_Parameter_return_Value", "Method_with_Parameter_return_Value\Method_with_Parameter_return_Value.csproj", "{7CEBEA75-C431-42ED-AC19-BAC05AB224D8}"
EndProject
Global
	GlobalSection(SolutionConfigurationPlatforms) = preSolution
		Debug|Any CPU = Debug|Any CPU
		Release|Any CPU = Release|Any CPU
	EndGlobalSection
	GlobalSection(ProjectConfigurationPlatforms) = postSolution
		{7CEBEA75-C431-42ED-AC19-BAC05AB224D8}.Debug|Any CPU.ActiveCfg = Debug|Any CPU
		{7CEBEA75-C431-42ED-AC19-BAC05AB224D8}.Debug|Any CPU.Build.0 = Debug|Any CPU
		{7CEBEA75-C431-42ED-AC19-BAC05AB224D8}.Release|Any CPU.ActiveCfg = Release|Any CPU
		{7CEBEA75-C431-42ED-AC19-BAC05AB224D8}.Release|Any CPU.Build.0 = Release|Any CPU
	EndGlobalSection
	GlobalSection(SolutionProperties) = preSolution
		HideSolutionNode = FALSE
	EndGlobalSection
	GlobalSection(ExtensibilityGlobals) = postSolution
		SolutionGuid = {D5D96DE5-3C0C-49E8-9CB1-E89D942AEB13}
	EndGlobalSection
EndGlobal
