
Microsoft Visual Studio Solution File, Format Version 12.00
# Visual Studio Version 17
VisualStudioVersion = 17.5.33502.453
MinimumVisualStudioVersion = 10.0.40219.1
Project("{FAE04EC0-301F-11D3-BF4B-00C04F79EFBC}") = "Template integration", "Template integration\Template integration.csproj", "{01D9A3AA-1D12-488E-9BE3-A55389A469B4}"
EndProject
Global
	GlobalSection(SolutionConfigurationPlatforms) = preSolution
		Debug|Any CPU = Debug|Any CPU
		Release|Any CPU = Release|Any CPU
	EndGlobalSection
	GlobalSection(ProjectConfigurationPlatforms) = postSolution
		{01D9A3AA-1D12-488E-9BE3-A55389A469B4}.Debug|Any CPU.ActiveCfg = Debug|Any CPU
		{01D9A3AA-1D12-488E-9BE3-A55389A469B4}.Debug|Any CPU.Build.0 = Debug|Any CPU
		{01D9A3AA-1D12-488E-9BE3-A55389A469B4}.Release|Any CPU.ActiveCfg = Release|Any CPU
		{01D9A3AA-1D12-488E-9BE3-A55389A469B4}.Release|Any CPU.Build.0 = Release|Any CPU
	EndGlobalSection
	GlobalSection(SolutionProperties) = preSolution
		HideSolutionNode = FALSE
	EndGlobalSection
	GlobalSection(ExtensibilityGlobals) = postSolution
		SolutionGuid = {7AE9A949-A616-49FF-8D78-4D2A24BD9A70}
	EndGlobalSection
EndGlobal
